// !$*UTF8*$!
{
	archiveVersion = 1;
	classes = {
	};
	objectVersion = 56;
	objects = {

/* Begin PBXBuildFile section */
		434478802C70FDF20058C143 /* PushesLogApp.swift in Sources */ = {isa = PBXBuildFile; fileRef = 4344787F2C70FDF20058C143 /* PushesLogApp.swift */; };
		434478822C70FDF20058C143 /* ContentView.swift in Sources */ = {isa = PBXBuildFile; fileRef = 434478812C70FDF20058C143 /* ContentView.swift */; };
		434478842C70FDF40058C143 /* Assets.xcassets in Resources */ = {isa = PBXBuildFile; fileRef = 434478832C70FDF40058C143 /* Assets.xcassets */; };
		434478872C70FDF40058C143 /* Preview Assets.xcassets in Resources */ = {isa = PBXBuildFile; fileRef = 434478862C70FDF40058C143 /* Preview Assets.xcassets */; };
		434478892C70FDF40058C143 /* Persistence.swift in Sources */ = {isa = PBXBuildFile; fileRef = 434478882C70FDF40058C143 /* Persistence.swift */; };
		435FF4752C72A0B600A08643 /* CounterModel.xcdatamodeld in Sources */ = {isa = PBXBuildFile; fileRef = 435FF4732C72A0B600A08643 /* CounterModel.xcdatamodeld */; };
		435FF4842C72A16D00A08643 /* CounterEntry+CoreDataClass.swift in Sources */ = {isa = PBXBuildFile; fileRef = 435FF4822C72A16D00A08643 /* CounterEntry+CoreDataClass.swift */; };
		435FF4852C72A16D00A08643 /* CounterEntry+CoreDataProperties.swift in Sources */ = {isa = PBXBuildFile; fileRef = 435FF4832C72A16D00A08643 /* CounterEntry+CoreDataProperties.swift */; };
/* End PBXBuildFile section */

/* Begin PBXFileReference section */
		4344787C2C70FDF20058C143 /* PushesLog.app */ = {isa = PBXFileReference; explicitFileType = wrapper.application; includeInIndex = 0; path = PushesLog.app; sourceTree = BUILT_PRODUCTS_DIR; };
		4344787F2C70FDF20058C143 /* PushesLogApp.swift */ = {isa = PBXFileReference; lastKnownFileType = sourcecode.swift; path = PushesLogApp.swift; sourceTree = "<group>"; };
		434478812C70FDF20058C143 /* ContentView.swift */ = {isa = PBXFileReference; lastKnownFileType = sourcecode.swift; path = ContentView.swift; sourceTree = "<group>"; };
		434478832C70FDF40058C143 /* Assets.xcassets */ = {isa = PBXFileReference; lastKnownFileType = folder.assetcatalog; path = Assets.xcassets; sourceTree = "<group>"; };
		434478862C70FDF40058C143 /* Preview Assets.xcassets */ = {isa = PBXFileReference; lastKnownFileType = folder.assetcatalog; path = "Preview Assets.xcassets"; sourceTree = "<group>"; };
		434478882C70FDF40058C143 /* Persistence.swift */ = {isa = PBXFileReference; lastKnownFileType = sourcecode.swift; path = Persistence.swift; sourceTree = "<group>"; };
		435FF4742C72A0B600A08643 /* CounterModel.xcdatamodel */ = {isa = PBXFileReference; lastKnownFileType = wrapper.xcdatamodel; path = CounterModel.xcdatamodel; sourceTree = "<group>"; };
		435FF4822C72A16D00A08643 /* CounterEntry+CoreDataClass.swift */ = {isa = PBXFileReference; lastKnownFileType = sourcecode.swift; name = "CounterEntry+CoreDataClass.swift"; path = "PushesLog/CounterEntry+CoreDataClass.swift"; sourceTree = "<group>"; };
		435FF4832C72A16D00A08643 /* CounterEntry+CoreDataProperties.swift */ = {isa = PBXFileReference; lastKnownFileType = sourcecode.swift; name = "CounterEntry+CoreDataProperties.swift"; path = "PushesLog/CounterEntry+CoreDataProperties.swift"; sourceTree = "<group>"; };
/* End PBXFileReference section */

/* Begin PBXFrameworksBuildPhase section */
		434478792C70FDF20058C143 /* Frameworks */ = {
			isa = PBXFrameworksBuildPhase;
			buildActionMask = 2147483647;
			files = (
			);
			runOnlyForDeploymentPostprocessing = 0;
		};
/* End PBXFrameworksBuildPhase section */

/* Begin PBXGroup section */
		434478732C70FDF20058C143 = {
			isa = PBXGroup;
			children = (
				435FF4822C72A16D00A08643 /* CounterEntry+CoreDataClass.swift */,
				435FF4832C72A16D00A08643 /* CounterEntry+CoreDataProperties.swift */,
				4344787E2C70FDF20058C143 /* PushesLog */,
				4344787D2C70FDF20058C143 /* Products */,
			);
			sourceTree = "<group>";
		};
		4344787D2C70FDF20058C143 /* Products */ = {
			isa = PBXGroup;
			children = (
				4344787C2C70FDF20058C143 /* PushesLog.app */,
			);
			name = Products;
			sourceTree = "<group>";
		};
		4344787E2C70FDF20058C143 /* PushesLog */ = {
			isa = PBXGroup;
			children = (
				4344787F2C70FDF20058C143 /* PushesLogApp.swift */,
				434478812C70FDF20058C143 /* ContentView.swift */,
				434478832C70FDF40058C143 /* Assets.xcassets */,
				434478882C70FDF40058C143 /* Persistence.swift */,
				434478852C70FDF40058C143 /* Preview Content */,
				435FF4732C72A0B600A08643 /* CounterModel.xcdatamodeld */,
			);
			path = PushesLog;
			sourceTree = "<group>";
		};
		434478852C70FDF40058C143 /* Preview Content */ = {
			isa = PBXGroup;
			children = (
				434478862C70FDF40058C143 /* Preview Assets.xcassets */,
			);
			path = "Preview Content";
			sourceTree = "<group>";
		};
/* End PBXGroup section */

/* Begin PBXNativeTarget section */
		4344787B2C70FDF20058C143 /* PushesLog */ = {
			isa = PBXNativeTarget;
			buildConfigurationList = 4344788F2C70FDF40058C143 /* Build configuration list for PBXNativeTarget "PushesLog" */;
			buildPhases = (
				434478782C70FDF20058C143 /* Sources */,
				434478792C70FDF20058C143 /* Frameworks */,
				4344787A2C70FDF20058C143 /* Resources */,
			);
			buildRules = (
			);
			dependencies = (
			);
			name = PushesLog;
			productName = PushesLog;
			productReference = 4344787C2C70FDF20058C143 /* PushesLog.app */;
			productType = "com.apple.product-type.application";
		};
/* End PBXNativeTarget section */

/* Begin PBXProject section */
		434478742C70FDF20058C143 /* Project object */ = {
			isa = PBXProject;
			attributes = {
				BuildIndependentTargetsInParallel = 1;
				LastSwiftUpdateCheck = 1540;
				LastUpgradeCheck = 1540;
				TargetAttributes = {
					4344787B2C70FDF20058C143 = {
						CreatedOnToolsVersion = 15.4;
					};
				};
			};
			buildConfigurationList = 434478772C70FDF20058C143 /* Build configuration list for PBXProject "PushesLog" */;
			compatibilityVersion = "Xcode 14.0";
			developmentRegion = en;
			hasScannedForEncodings = 0;
			knownRegions = (
				en,
				Base,
			);
			mainGroup = 434478732C70FDF20058C143;
			productRefGroup = 4344787D2C70FDF20058C143 /* Products */;
			projectDirPath = "";
			projectRoot = "";
			targets = (
				4344787B2C70FDF20058C143 /* PushesLog */,
			);
		};
/* End PBXProject section */

/* Begin PBXResourcesBuildPhase section */
		4344787A2C70FDF20058C143 /* Resources */ = {
			isa = PBXResourcesBuildPhase;
			buildActionMask = 2147483647;
			files = (
				434478872C70FDF40058C143 /* Preview Assets.xcassets in Resources */,
				434478842C70FDF40058C143 /* Assets.xcassets in Resources */,
			);
			runOnlyForDeploymentPostprocessing = 0;
		};
/* End PBXResourcesBuildPhase section */

/* Begin PBXSourcesBuildPhase section */
		434478782C70FDF20058C143 /* Sources */ = {
			isa = PBXSourcesBuildPhase;
			buildActionMask = 2147483647;
			files = (
				434478892C70FDF40058C143 /* Persistence.swift in Sources */,
				434478822C70FDF20058C143 /* ContentView.swift in Sources */,
				435FF4752C72A0B600A08643 /* CounterModel.xcdatamodeld in Sources */,
				434478802C70FDF20058C143 /* PushesLogApp.swift in Sources */,
				435FF4842C72A16D00A08643 /* CounterEntry+CoreDataClass.swift in Sources */,
				435FF4852C72A16D00A08643 /* CounterEntry+CoreDataProperties.swift in Sources */,
			);
			runOnlyForDeploymentPostprocessing = 0;
		};
/* End PBXSourcesBuildPhase section */

/* Begin XCBuildConfiguration section */
		4344788D2C70FDF40058C143 /* Debug */ = {
			isa = XCBuildConfiguration;
			buildSettings = {
				ALWAYS_SEARCH_USER_PATHS = NO;
				ASSETCATALOG_COMPILER_GENERATE_SWIFT_ASSET_SYMBOL_EXTENSIONS = YES;
				CLANG_ANALYZER_NONNULL = YES;
				CLANG_ANALYZER_NUMBER_OBJECT_CONVERSION = YES_AGGRESSIVE;
				CLANG_CXX_LANGUAGE_STANDARD = "gnu++20";
				CLANG_ENABLE_MODULES = YES;
				CLANG_ENABLE_OBJC_ARC = YES;
				CLANG_ENABLE_OBJC_WEAK = YES;
				CLANG_WARN_BLOCK_CAPTURE_AUTORELEASING = YES;
				CLANG_WARN_BOOL_CONVERSION = YES;
				CLANG_WARN_COMMA = YES;
				CLANG_WARN_CONSTANT_CONVERSION = YES;
				CLANG_WARN_DEPRECATED_OBJC_IMPLEMENTATIONS = YES;
				CLANG_WARN_DIRECT_OBJC_ISA_USAGE = YES_ERROR;
				CLANG_WARN_DOCUMENTATION_COMMENTS = YES;
				CLANG_WARN_EMPTY_BODY = YES;
				CLANG_WARN_ENUM_CONVERSION = YES;
				CLANG_WARN_INFINITE_RECURSION = YES;
				CLANG_WARN_INT_CONVERSION = YES;
				CLANG_WARN_NON_LITERAL_NULL_CONVERSION = YES;
				CLANG_WARN_OBJC_IMPLICIT_RETAIN_SELF = YES;
				CLANG_WARN_OBJC_LITERAL_CONVERSION = YES;
				CLANG_WARN_OBJC_ROOT_CLASS = YES_ERROR;
				CLANG_WARN_QUOTED_INCLUDE_IN_FRAMEWORK_HEADER = YES;
				CLANG_WARN_RANGE_LOOP_ANALYSIS = YES;
				CLANG_WARN_STRICT_PROTOTYPES = YES;
				CLANG_WARN_SUSPICIOUS_MOVE = YES;
				CLANG_WARN_UNGUARDED_AVAILABILITY = YES_AGGRESSIVE;
				CLANG_WARN_UNREACHABLE_CODE = YES;
				CLANG_WARN__DUPLICATE_METHOD_MATCH = YES;
				COPY_PHASE_STRIP = NO;
				DEBUG_INFORMATION_FORMAT = dwarf;
				ENABLE_STRICT_OBJC_MSGSEND = YES;
				ENABLE_TESTABILITY = YES;
				ENABLE_USER_SCRIPT_SANDBOXING = YES;
				GCC_C_LANGUAGE_STANDARD = gnu17;
				GCC_DYNAMIC_NO_PIC = NO;
				GCC_NO_COMMON_BLOCKS = YES;
				GCC_OPTIMIZATION_LEVEL = 0;
				GCC_PREPROCESSOR_DEFINITIONS = (
					"DEBUG=1",
					"$(inherited)",
				);
				GCC_WARN_64_TO_32_BIT_CONVERSION = YES;
				GCC_WARN_ABOUT_RETURN_TYPE = YES_ERROR;
				GCC_WARN_UNDECLARED_SELECTOR = YES;
				GCC_WARN_UNINITIALIZED_AUTOS = YES_AGGRESSIVE;
				GCC_WARN_UNUSED_FUNCTION = YES;
				GCC_WARN_UNUSED_VARIABLE = YES;
				IPHONEOS_DEPLOYMENT_TARGET = 17.5;
				LOCALIZATION_PREFERS_STRING_CATALOGS = YES;
				MTL_ENABLE_DEBUG_INFO = INCLUDE_SOURCE;
				MTL_FAST_MATH = YES;
				ONLY_ACTIVE_ARCH = YES;
				SDKROOT = iphoneos;
				SWIFT_ACTIVE_COMPILATION_CONDITIONS = "DEBUG $(inherited)";
				SWIFT_OPTIMIZATION_LEVEL = "-Onone";
			};
			name = Debug;
		};
		4344788E2C70FDF40058C143 /* Release */ = {
			isa = XCBuildConfiguration;
			buildSettings = {
				ALWAYS_SEARCH_USER_PATHS = NO;
				ASSETCATALOG_COMPILER_GENERATE_SWIFT_ASSET_SYMBOL_EXTENSIONS = YES;
				CLANG_ANALYZER_NONNULL = YES;
				CLANG_ANALYZER_NUMBER_OBJECT_CONVERSION = YES_AGGRESSIVE;
				CLANG_CXX_LANGUAGE_STANDARD = "gnu++20";
				CLANG_ENABLE_MODULES = YES;
				CLANG_ENABLE_OBJC_ARC = YES;
				CLANG_ENABLE_OBJC_WEAK = YES;
				CLANG_WARN_BLOCK_CAPTURE_AUTORELEASING = YES;
				CLANG_WARN_BOOL_CONVERSION = YES;
				CLANG_WARN_COMMA = YES;
				CLANG_WARN_CONSTANT_CONVERSION = YES;
				CLANG_WARN_DEPRECATED_OBJC_IMPLEMENTATIONS = YES;
				CLANG_WARN_DIRECT_OBJC_ISA_USAGE = YES_ERROR;
				CLANG_WARN_DOCUMENTATION_COMMENTS = YES;
				CLANG_WARN_EMPTY_BODY = YES;
				CLANG_WARN_ENUM_CONVERSION = YES;
				CLANG_WARN_INFINITE_RECURSION = YES;
				CLANG_WARN_INT_CONVERSION = YES;
				CLANG_WARN_NON_LITERAL_NULL_CONVERSION = YES;
				CLANG_WARN_OBJC_IMPLICIT_RETAIN_SELF = YES;
				CLANG_WARN_OBJC_LITERAL_CONVERSION = YES;
				CLANG_WARN_OBJC_ROOT_CLASS = YES_ERROR;
				CLANG_WARN_QUOTED_INCLUDE_IN_FRAMEWORK_HEADER = YES;
				CLANG_WARN_RANGE_LOOP_ANALYSIS = YES;
				CLANG_WARN_STRICT_PROTOTYPES = YES;
				CLANG_WARN_SUSPICIOUS_MOVE = YES;
				CLANG_WARN_UNGUARDED_AVAILABILITY = YES_AGGRESSIVE;
				CLANG_WARN_UNREACHABLE_CODE = YES;
				CLANG_WARN__DUPLICATE_METHOD_MATCH = YES;
				COPY_PHASE_STRIP = NO;
				DEBUG_INFORMATION_FORMAT = "dwarf-with-dsym";
				ENABLE_NS_ASSERTIONS = NO;
				ENABLE_STRICT_OBJC_MSGSEND = YES;
				ENABLE_USER_SCRIPT_SANDBOXING = YES;
				GCC_C_LANGUAGE_STANDARD = gnu17;
				GCC_NO_COMMON_BLOCKS = YES;
				GCC_WARN_64_TO_32_BIT_CONVERSION = YES;
				GCC_WARN_ABOUT_RETURN_TYPE = YES_ERROR;
				GCC_WARN_UNDECLARED_SELECTOR = YES;
				GCC_WARN_UNINITIALIZED_AUTOS = YES_AGGRESSIVE;
				GCC_WARN_UNUSED_FUNCTION = YES;
				GCC_WARN_UNUSED_VARIABLE = YES;
				IPHONEOS_DEPLOYMENT_TARGET = 17.5;
				LOCALIZATION_PREFERS_STRING_CATALOGS = YES;
				MTL_ENABLE_DEBUG_INFO = NO;
				MTL_FAST_MATH = YES;
				SDKROOT = iphoneos;
				SWIFT_COMPILATION_MODE = wholemodule;
				VALIDATE_PRODUCT = YES;
			};
			name = Release;
		};
		434478902C70FDF40058C143 /* Debug */ = {
			isa = XCBuildConfiguration;
			buildSettings = {
				ASSETCATALOG_COMPILER_APPICON_NAME = AppIcon;
				ASSETCATALOG_COMPILER_GLOBAL_ACCENT_COLOR_NAME = AccentColor;
				CODE_SIGN_STYLE = Automatic;
				CURRENT_PROJECT_VERSION = 1;
				DEVELOPMENT_ASSET_PATHS = "\"PushesLog/Preview Content\"";
				DEVELOPMENT_TEAM = F4833YZ944;
				ENABLE_PREVIEWS = YES;
				GENERATE_INFOPLIST_FILE = YES;
				INFOPLIST_KEY_UIApplicationSceneManifest_Generation = YES;
				INFOPLIST_KEY_UIApplicationSupportsIndirectInputEvents = YES;
				INFOPLIST_KEY_UILaunchScreen_Generation = YES;
				INFOPLIST_KEY_UISupportedInterfaceOrientations_iPad = "UIInterfaceOrientationPortrait UIInterfaceOrientationPortraitUpsideDown UIInterfaceOrientationLandscapeLeft UIInterfaceOrientationLandscapeRight";
				INFOPLIST_KEY_UISupportedInterfaceOrientations_iPhone = "UIInterfaceOrientationPortrait UIInterfaceOrientationLandscapeLeft UIInterfaceOrientationLandscapeRight";
				LD_RUNPATH_SEARCH_PATHS = (
					"$(inherited)",
					"@executable_path/Frameworks",
				);
				MARKETING_VERSION = 1.0;
				PRODUCT_BUNDLE_IDENTIFIER = benjaminbelot.PushesLog;
				PRODUCT_NAME = "$(TARGET_NAME)";
				SWIFT_EMIT_LOC_STRINGS = YES;
				SWIFT_VERSION = 5.0;
				TARGETED_DEVICE_FAMILY = "1,2";
			};
			name = Debug;
		};
		434478912C70FDF40058C143 /* Release */ = {
			isa = XCBuildConfiguration;
			buildSettings = {
				ASSETCATALOG_COMPILER_APPICON_NAME = AppIcon;
				ASSETCATALOG_COMPILER_GLOBAL_ACCENT_COLOR_NAME = AccentColor;
				CODE_SIGN_STYLE = Automatic;
				CURRENT_PROJECT_VERSION = 1;
				DEVELOPMENT_ASSET_PATHS = "\"PushesLog/Preview Content\"";
				DEVELOPMENT_TEAM = F4833YZ944;
				ENABLE_PREVIEWS = YES;
				GENERATE_INFOPLIST_FILE = YES;
				INFOPLIST_KEY_UIApplicationSceneManifest_Generation = YES;
				INFOPLIST_KEY_UIApplicationSupportsIndirectInputEvents = YES;
				INFOPLIST_KEY_UILaunchScreen_Generation = YES;
				INFOPLIST_KEY_UISupportedInterfaceOrientations_iPad = "UIInterfaceOrientationPortrait UIInterfaceOrientationPortraitUpsideDown UIInterfaceOrientationLandscapeLeft UIInterfaceOrientationLandscapeRight";
				INFOPLIST_KEY_UISupportedInterfaceOrientations_iPhone = "UIInterfaceOrientationPortrait UIInterfaceOrientationLandscapeLeft UIInterfaceOrientationLandscapeRight";
				LD_RUNPATH_SEARCH_PATHS = (
					"$(inherited)",
					"@executable_path/Frameworks",
				);
				MARKETING_VERSION = 1.0;
				PRODUCT_BUNDLE_IDENTIFIER = benjaminbelot.PushesLog;
				PRODUCT_NAME = "$(TARGET_NAME)";
				SWIFT_EMIT_LOC_STRINGS = YES;
				SWIFT_VERSION = 5.0;
				TARGETED_DEVICE_FAMILY = "1,2";
			};
			name = Release;
		};
/* End XCBuildConfiguration section */

/* Begin XCConfigurationList section */
		434478772C70FDF20058C143 /* Build configuration list for PBXProject "PushesLog" */ = {
			isa = XCConfigurationList;
			buildConfigurations = (
				4344788D2C70FDF40058C143 /* Debug */,
				4344788E2C70FDF40058C143 /* Release */,
			);
			defaultConfigurationIsVisible = 0;
			defaultConfigurationName = Release;
		};
		4344788F2C70FDF40058C143 /* Build configuration list for PBXNativeTarget "PushesLog" */ = {
			isa = XCConfigurationList;
			buildConfigurations = (
				434478902C70FDF40058C143 /* Debug */,
				434478912C70FDF40058C143 /* Release */,
			);
			defaultConfigurationIsVisible = 0;
			defaultConfigurationName = Release;
		};
/* End XCConfigurationList section */

/* Begin XCVersionGroup section */
		435FF4732C72A0B600A08643 /* CounterModel.xcdatamodeld */ = {
			isa = XCVersionGroup;
			children = (
				435FF4742C72A0B600A08643 /* CounterModel.xcdatamodel */,
			);
			currentVersion = 435FF4742C72A0B600A08643 /* CounterModel.xcdatamodel */;
			name = CounterModel.xcdatamodeld;
			path = /Users/benjamin/syncthing/code/swift/PushesLog/PushesLog/PushesLog/CounterModel.xcdatamodeld;
			sourceTree = "<group>";
			versionGroupType = wrapper.xcdatamodel;
		};
/* End XCVersionGroup section */
	};
	rootObject = 434478742C70FDF20058C143 /* Project object */;
}
